
Microsoft Visual Studio Solution File, Format Version 12.00
# Visual Studio Version 17
VisualStudioVersion = 17.5.002.0
MinimumVisualStudioVersion = 10.0.40219.1
Project("{9A19103F-16F7-4668-BE54-9A1E7A4F7556}") = "PlannerApi", "PlannerApi.csproj", "{48354613-63D7-4FB5-A5CF-42C1B62581CF}"
EndProject
Global
	GlobalSection(SolutionConfigurationPlatforms) = preSolution
		Debug|Any CPU = Debug|Any CPU
		Release|Any CPU = Release|Any CPU
	EndGlobalSection
	GlobalSection(ProjectConfigurationPlatforms) = postSolution
		{48354613-63D7-4FB5-A5CF-42C1B62581CF}.Debug|Any CPU.ActiveCfg = Debug|Any CPU
		{48354613-63D7-4FB5-A5CF-42C1B62581CF}.Debug|Any CPU.Build.0 = Debug|Any CPU
		{48354613-63D7-4FB5-A5CF-42C1B62581CF}.Release|Any CPU.ActiveCfg = Release|Any CPU
		{48354613-63D7-4FB5-A5CF-42C1B62581CF}.Release|Any CPU.Build.0 = Release|Any CPU
	EndGlobalSection
	GlobalSection(SolutionProperties) = preSolution
		HideSolutionNode = FALSE
	EndGlobalSection
	GlobalSection(ExtensibilityGlobals) = postSolution
		SolutionGuid = {F95BE7F0-A6BB-4BBB-97D0-B42B54894D49}
	EndGlobalSection
EndGlobal
